
Microsoft Visual Studio Solution File, Format Version 12.00
# Visual Studio 15
VisualStudioVersion = 15.0.27130.2027
MinimumVisualStudioVersion = 10.0.40219.1
Project("{9A19103F-16F7-4668-BE54-9A1E7A4F7556}") = "ConsoleEventHubSender", "Hayduk-IoTConsoleMockOne\ConsoleEventHubSender.csproj", "{D5422427-8814-43BC-B5C1-153025457F05}"
EndProject
Global
	GlobalSection(SolutionConfigurationPlatforms) = preSolution
		Debug|Any CPU = Debug|Any CPU
		Release|Any CPU = Release|Any CPU
	EndGlobalSection
	GlobalSection(ProjectConfigurationPlatforms) = postSolution
		{D5422427-8814-43BC-B5C1-153025457F05}.Debug|Any CPU.ActiveCfg = Debug|Any CPU
		{D5422427-8814-43BC-B5C1-153025457F05}.Debug|Any CPU.Build.0 = Debug|Any CPU
		{D5422427-8814-43BC-B5C1-153025457F05}.Release|Any CPU.ActiveCfg = Release|Any CPU
		{D5422427-8814-43BC-B5C1-153025457F05}.Release|Any CPU.Build.0 = Release|Any CPU
	EndGlobalSection
	GlobalSection(SolutionProperties) = preSolution
		HideSolutionNode = FALSE
	EndGlobalSection
	GlobalSection(ExtensibilityGlobals) = postSolution
		SolutionGuid = {F6D4C98B-B347-4CB0-A164-5D3B5D2FAF91}
	EndGlobalSection
EndGlobal
